
Microsoft Visual Studio Solution File, Format Version 12.00
# Visual Studio 15
VisualStudioVersion = 15.0.27428.2015
MinimumVisualStudioVersion = 10.0.40219.1
Project("{9A19103F-16F7-4668-BE54-9A1E7A4F7556}") = "PawelOwczarekZad1Lab6", "PawelOwczarekZad1Lab6\PawelOwczarekZad1Lab6.csproj", "{1D4D7129-0471-41DB-B9FD-9506E0442B3F}"
EndProject
Project("{FAE04EC0-301F-11D3-BF4B-00C04F79EFBC}") = "PawelOwczarekLab6.Tests", "PawelOwczarekLab6.Tests\PawelOwczarekLab6.Tests.csproj", "{0083EB53-A0DD-4898-948B-46A98F7D3984}"
EndProject
Global
	GlobalSection(SolutionConfigurationPlatforms) = preSolution
		Debug|Any CPU = Debug|Any CPU
		Release|Any CPU = Release|Any CPU
	EndGlobalSection
	GlobalSection(ProjectConfigurationPlatforms) = postSolution
		{1D4D7129-0471-41DB-B9FD-9506E0442B3F}.Debug|Any CPU.ActiveCfg = Debug|Any CPU
		{1D4D7129-0471-41DB-B9FD-9506E0442B3F}.Debug|Any CPU.Build.0 = Debug|Any CPU
		{1D4D7129-0471-41DB-B9FD-9506E0442B3F}.Release|Any CPU.ActiveCfg = Release|Any CPU
		{1D4D7129-0471-41DB-B9FD-9506E0442B3F}.Release|Any CPU.Build.0 = Release|Any CPU
		{0083EB53-A0DD-4898-948B-46A98F7D3984}.Debug|Any CPU.ActiveCfg = Debug|Any CPU
		{0083EB53-A0DD-4898-948B-46A98F7D3984}.Debug|Any CPU.Build.0 = Debug|Any CPU
		{0083EB53-A0DD-4898-948B-46A98F7D3984}.Release|Any CPU.ActiveCfg = Release|Any CPU
		{0083EB53-A0DD-4898-948B-46A98F7D3984}.Release|Any CPU.Build.0 = Release|Any CPU
	EndGlobalSection
	GlobalSection(SolutionProperties) = preSolution
		HideSolutionNode = FALSE
	EndGlobalSection
	GlobalSection(ExtensibilityGlobals) = postSolution
		SolutionGuid = {B5F81C7B-6EB3-4149-87FC-46D552EEC372}
	EndGlobalSection
EndGlobal
