
Microsoft Visual Studio Solution File, Format Version 12.00
# Visual Studio 15
VisualStudioVersion = 15.0.28307.1000
MinimumVisualStudioVersion = 10.0.40219.1
Project("{FAE04EC0-301F-11D3-BF4B-00C04F79EFBC}") = "PawelOwczarekLab7Zad", "PawelOwczarekLab7Zad\PawelOwczarekLab7Zad.csproj", "{E3392DE4-D918-42E5-9324-8370299FBBC3}"
EndProject
Project("{FAE04EC0-301F-11D3-BF4B-00C04F79EFBC}") = "Data", "Data\Data.csproj", "{3BBCF4F6-A4EF-464E-B280-D0D5F224117F}"
EndProject
Global
	GlobalSection(SolutionConfigurationPlatforms) = preSolution
		Debug|Any CPU = Debug|Any CPU
		Release|Any CPU = Release|Any CPU
	EndGlobalSection
	GlobalSection(ProjectConfigurationPlatforms) = postSolution
		{E3392DE4-D918-42E5-9324-8370299FBBC3}.Debug|Any CPU.ActiveCfg = Debug|Any CPU
		{E3392DE4-D918-42E5-9324-8370299FBBC3}.Debug|Any CPU.Build.0 = Debug|Any CPU
		{E3392DE4-D918-42E5-9324-8370299FBBC3}.Release|Any CPU.ActiveCfg = Release|Any CPU
		{E3392DE4-D918-42E5-9324-8370299FBBC3}.Release|Any CPU.Build.0 = Release|Any CPU
		{3BBCF4F6-A4EF-464E-B280-D0D5F224117F}.Debug|Any CPU.ActiveCfg = Debug|Any CPU
		{3BBCF4F6-A4EF-464E-B280-D0D5F224117F}.Debug|Any CPU.Build.0 = Debug|Any CPU
		{3BBCF4F6-A4EF-464E-B280-D0D5F224117F}.Release|Any CPU.ActiveCfg = Release|Any CPU
		{3BBCF4F6-A4EF-464E-B280-D0D5F224117F}.Release|Any CPU.Build.0 = Release|Any CPU
	EndGlobalSection
	GlobalSection(SolutionProperties) = preSolution
		HideSolutionNode = FALSE
	EndGlobalSection
	GlobalSection(ExtensibilityGlobals) = postSolution
		SolutionGuid = {DCBEF419-1319-4B90-A01E-6D3A9ACF3A1C}
	EndGlobalSection
EndGlobal
